
Microsoft Visual Studio Solution File, Format Version 12.00
# Visual Studio Version 17
VisualStudioVersion = 17.14.36414.22 d17.14
MinimumVisualStudioVersion = 10.0.40219.1
Project("{FAE04EC0-301F-11D3-BF4B-00C04F79EFBC}") = "ESFE.Calculadora", "ESFE.Calculadora\ESFE.Calculadora.csproj", "{24641A18-1114-4F00-87FC-0B6858621AF7}"
EndProject
Global
	GlobalSection(SolutionConfigurationPlatforms) = preSolution
		Debug|Any CPU = Debug|Any CPU
		Release|Any CPU = Release|Any CPU
	EndGlobalSection
	GlobalSection(ProjectConfigurationPlatforms) = postSolution
		{24641A18-1114-4F00-87FC-0B6858621AF7}.Debug|Any CPU.ActiveCfg = Debug|Any CPU
		{24641A18-1114-4F00-87FC-0B6858621AF7}.Debug|Any CPU.Build.0 = Debug|Any CPU
		{24641A18-1114-4F00-87FC-0B6858621AF7}.Release|Any CPU.ActiveCfg = Release|Any CPU
		{24641A18-1114-4F00-87FC-0B6858621AF7}.Release|Any CPU.Build.0 = Release|Any CPU
	EndGlobalSection
	GlobalSection(SolutionProperties) = preSolution
		HideSolutionNode = FALSE
	EndGlobalSection
	GlobalSection(ExtensibilityGlobals) = postSolution
		SolutionGuid = {4B7B3184-AE4C-4828-8747-9C8393DCBC9C}
	EndGlobalSection
EndGlobal
