
Microsoft Visual Studio Solution File, Format Version 12.00
# Visual Studio Version 17
VisualStudioVersion = 17.14.36414.22
MinimumVisualStudioVersion = 10.0.40219.1
Project("{FAE04EC0-301F-11D3-BF4B-00C04F79EFBC}") = "ESFE.Calculadora", "ESFE.Calculadora\ESFE.Calculadora.csproj", "{24641A18-1114-4F00-87FC-0B6858621AF7}"
EndProject
Project("{FAE04EC0-301F-11D3-BF4B-00C04F79EFBC}") = "ESFE.Calculadora.UnitTest.AppMSTest", "ESFE.Calculadora.UnitTest.AppMSTest\ESFE.Calculadora.UnitTest.AppMSTest.csproj", "{8A0F52B5-9722-4758-91F4-60F3779EFE86}"
EndProject
Project("{FAE04EC0-301F-11D3-BF4B-00C04F79EFBC}") = "ESFE.Calculadora.UnitTest.AppxUnit", "ESFE.Calculadora.UnitTest.AppxUnit\ESFE.Calculadora.UnitTest.AppxUnit.csproj", "{069C31D6-0AE3-4A96-938D-FF824DC0BC3F}"
EndProject
Global
	GlobalSection(SolutionConfigurationPlatforms) = preSolution
		Debug|Any CPU = Debug|Any CPU
		Release|Any CPU = Release|Any CPU
	EndGlobalSection
	GlobalSection(ProjectConfigurationPlatforms) = postSolution
		{24641A18-1114-4F00-87FC-0B6858621AF7}.Debug|Any CPU.ActiveCfg = Debug|Any CPU
		{24641A18-1114-4F00-87FC-0B6858621AF7}.Debug|Any CPU.Build.0 = Debug|Any CPU
		{24641A18-1114-4F00-87FC-0B6858621AF7}.Release|Any CPU.ActiveCfg = Release|Any CPU
		{24641A18-1114-4F00-87FC-0B6858621AF7}.Release|Any CPU.Build.0 = Release|Any CPU
		{8A0F52B5-9722-4758-91F4-60F3779EFE86}.Debug|Any CPU.ActiveCfg = Debug|Any CPU
		{8A0F52B5-9722-4758-91F4-60F3779EFE86}.Debug|Any CPU.Build.0 = Debug|Any CPU
		{8A0F52B5-9722-4758-91F4-60F3779EFE86}.Release|Any CPU.ActiveCfg = Release|Any CPU
		{8A0F52B5-9722-4758-91F4-60F3779EFE86}.Release|Any CPU.Build.0 = Release|Any CPU
		{069C31D6-0AE3-4A96-938D-FF824DC0BC3F}.Debug|Any CPU.ActiveCfg = Debug|Any CPU
		{069C31D6-0AE3-4A96-938D-FF824DC0BC3F}.Debug|Any CPU.Build.0 = Debug|Any CPU
		{069C31D6-0AE3-4A96-938D-FF824DC0BC3F}.Release|Any CPU.ActiveCfg = Release|Any CPU
		{069C31D6-0AE3-4A96-938D-FF824DC0BC3F}.Release|Any CPU.Build.0 = Release|Any CPU
	EndGlobalSection
	GlobalSection(SolutionProperties) = preSolution
		HideSolutionNode = FALSE
	EndGlobalSection
	GlobalSection(ExtensibilityGlobals) = postSolution
		SolutionGuid = {4B7B3184-AE4C-4828-8747-9C8393DCBC9C}
	EndGlobalSection
EndGlobal
